dependencies:
- name: account-service
  repository: file://./charts/account-service
  version: 0.1.0
- name: cash-service
  repository: file://./charts/cash-service
  version: 0.1.0
- name: transfer-service
  repository: file://./charts/transfer-service
  version: 0.1.0
- name: notification-service
  repository: file://./charts/notification-service
  version: 0.1.0
- name: postgresql
  repository: oci://registry-1.docker.io/bitnamicharts
  version: 18.2.0
- name: postgresql
  repository: oci://registry-1.docker.io/bitnamicharts
  version: 18.2.0
- name: postgresql
  repository: oci://registry-1.docker.io/bitnamicharts
  version: 18.2.0
- name: postgresql
  repository: oci://registry-1.docker.io/bitnamicharts
  version: 18.2.0
digest: sha256:fcffe8a65eed9d4ebff23b9316e316cd300264eaadeae719b8492c93fa0fcd06
generated: "2026-06-07T16:08:01.067848736+03:00"
