dependencies:
- name: keycloak-external
  repository: ""
  version: 0.1.0
- name: account-service
  repository: file://./charts/account-service
  version: 0.1.0
- name: cash-service
  repository: file://./charts/cash-service
  version: 0.1.0
- name: transfer-service
  repository: file://./charts/transfer-service
  version: 0.1.0
- name: notification-service
  repository: file://./charts/notification-service
  version: 0.1.0
- name: postgresql
  repository: oci://registry-1.docker.io/bitnamicharts
  version: 18.2.0
- name: postgresql
  repository: oci://registry-1.docker.io/bitnamicharts
  version: 18.2.0
- name: postgresql
  repository: oci://registry-1.docker.io/bitnamicharts
  version: 18.2.0
- name: postgresql
  repository: oci://registry-1.docker.io/bitnamicharts
  version: 18.2.0
- name: kafka
  repository: oci://registry-1.docker.io/bitnamicharts
  version: 25.0.0
digest: sha256:1c7b5c9bb6b8b5441ab07d6042363b933be01f6b6f54ff136a30e9d56188c621
generated: "2026-06-09T13:17:36.261946317+03:00"
