dependencies:
- name: keycloak-external
  repository: file://./charts/keycloak-external
  version: 0.1.0
- name: account-service
  repository: file://./charts/account-service
  version: 0.1.0
- name: cash-service
  repository: file://./charts/cash-service
  version: 0.1.0
- name: transfer-service
  repository: file://./charts/transfer-service
  version: 0.1.0
- name: notification-service
  repository: file://./charts/notification-service
  version: 0.1.0
- name: postgresql
  repository: file://./charts/postgresql
  version: 18.2.0
- name: postgresql
  repository: file://./charts/postgresql
  version: 18.2.0
- name: postgresql
  repository: file://./charts/postgresql
  version: 18.2.0
- name: postgresql
  repository: file://./charts/postgresql
  version: 18.2.0
- name: kafka
  repository: file://./charts/kafka
  version: 25.0.0
- name: zipkin
  repository: file://./charts/zipkin
  version: 0.7.0
- name: prometheus
  repository: file://./charts/prometheus
  version: 25.0.0
- name: grafana
  repository: https://grafana.github.io/helm-charts
  version: 7.0.0
digest: sha256:e6db2403e37aaef15edd969a73da770e2cd869d5a36df2de238cc0b202d6eda0
generated: "2026-07-13T14:56:16.72280468+03:00"
